{
  "nodes": {
    "home-manager": {
      "inputs": {
        "nixpkgs": [
          "nixpkgs"
        ]
      },
      "locked": {
        "lastModified": 1789695075,
        "narHash": "sha256-HREFWgmCTp28ZdMkSFOW2QW8uI17v5CNc04W46h6aPo=",
        "owner": "nix-community",
        "repo": "home-manager",
        "rev": "4ac5a2ae9025eab1ebece4f9df8c315fd84a738a",
        "type": "github"
      },
      "original": {
        "owner": "nix-community",
        "repo": "home-manager",
        "type": "github"
      }
    },
    "nixpkgs": {
      "locked": {
        "lastModified": 1789546076,
        "narHash": "sha256-zVxLZiSnmaaPLwnhj7pwmqe3axBg/C6nG5JZsJMh2g4=",
        "owner": "NixOS",
        "repo": "nixpkgs",
        "rev": "b1b875982b17dabde9b4a37f3e229e74913e6db3",
        "type": "github"
      },
      "original": {
        "owner": "NixOS",
        "ref": "nixos-unstable",
        "repo": "nixpkgs",
        "type": "github"
      }
    },
    "root": {
      "inputs": {
        "home-manager": "home-manager",
        "nixpkgs": "nixpkgs",
        "serpantinum": "serpantinum"
      }
    },
    "serpantinum": {
      "inputs": {
        "nixpkgs": [
          "nixpkgs"
        ],
        "serpantinum-wallpapers": "serpantinum-wallpapers"
      },
      "locked": {
        "lastModified": 1789672578,
        "narHash": "sha256-PJK/dk30dWVDU22c7uuao0lQwBp+A7/F60KPPLvhhR4=",
        "owner": "ilyamiro",
        "repo": "serpantinum",
        "rev": "a6e2267e32be01230b9f61ae701c41d632b212cc",
        "type": "github"
      },
      "original": {
        "owner": "ilyamiro",
        "repo": "serpantinum",
        "type": "github"
      }
    },
    "serpantinum-wallpapers": {
      "flake": false,
      "locked": {
        "lastModified": 1789127588,
        "narHash": "sha256-L3xRtDXH1ERwVIP+ztT6qn7YYh3aHpfpy1/nvyjvKIc=",
        "owner": "ilyamiro",
        "repo": "shell-wallpapers",
        "rev": "4f5994aff60403f88d3f0378e6f9c9d0a00b0289",
        "type": "github"
      },
      "original": {
        "owner": "ilyamiro",
        "repo": "shell-wallpapers",
        "type": "github"
      }
    }
  },
  "root": "root",
  "version": 7
}
